// !$*UTF8*$!
{
	archiveVersion = 1;
	classes = {
	};
	objectVersion = 70;
	objects = {

/* Begin PBXBuildFile section */
		E0F12CED2F6401AD00DC56BC /* BenchSenseWatch Watch App.app in Embed Watch Content */ = {isa = PBXBuildFile; fileRef = E0F12CEC2F6401AD00DC56BC /* BenchSenseWatch Watch App.app */; settings = {ATTRIBUTES = (RemoveHeadersOnCopy, ); }; };
		E0F12D3C2F64020700DC56BC /* BenchSenseApp.swift in Sources */ = {isa = PBXBuildFile; fileRef = E0F12D392F64020700DC56BC /* BenchSenseApp.swift */; };
		E0F12D3D2F64020700DC56BC /* ContentView.swift in Sources */ = {isa = PBXBuildFile; fileRef = E0F12D3B2F64020700DC56BC /* ContentView.swift */; };
		E0F12D3E2F64020700DC56BC /* BenchSenseWatchApp.swift in Sources */ = {isa = PBXBuildFile; fileRef = E0F12D3A2F64020700DC56BC /* BenchSenseWatchApp.swift */; };
		E0F12D3F2F64020700DC56BC /* BenchSenseApp.swift in Sources */ = {isa = PBXBuildFile; fileRef = E0F12D392F64020700DC56BC /* BenchSenseApp.swift */; };
		E0F12D402F64020700DC56BC /* ContentView.swift in Sources */ = {isa = PBXBuildFile; fileRef = E0F12D3B2F64020700DC56BC /* ContentView.swift */; };
		E0F12D412F64020700DC56BC /* BenchSenseWatchApp.swift in Sources */ = {isa = PBXBuildFile; fileRef = E0F12D3A2F64020700DC56BC /* BenchSenseWatchApp.swift */; };
		E0F12D442F6402F400DC56BC /* CoreMotion.framework in Frameworks */ = {isa = PBXBuildFile; fileRef = E0F12D432F6402F400DC56BC /* CoreMotion.framework */; };
		E7A1B2C300002001 /* BenchSenseApp.swift in Sources */ = {isa = PBXBuildFile; fileRef = E7A1B2C300001001 /* BenchSenseApp.swift */; };
		E7A1B2C300002002 /* WorkoutSession.swift in Sources */ = {isa = PBXBuildFile; fileRef = E7A1B2C300001002 /* WorkoutSession.swift */; };
		E7A1B2C300002003 /* MotionManager.swift in Sources */ = {isa = PBXBuildFile; fileRef = E7A1B2C300001003 /* MotionManager.swift */; };
		E7A1B2C300002004 /* WorkoutManager.swift in Sources */ = {isa = PBXBuildFile; fileRef = E7A1B2C300001004 /* WorkoutManager.swift */; };
		E7A1B2C300002005 /* HapticsManager.swift in Sources */ = {isa = PBXBuildFile; fileRef = E7A1B2C300001005 /* HapticsManager.swift */; };
		E7A1B2C300002006 /* HomeView.swift in Sources */ = {isa = PBXBuildFile; fileRef = E7A1B2C300001006 /* HomeView.swift */; };
		E7A1B2C300002007 /* WorkoutView.swift in Sources */ = {isa = PBXBuildFile; fileRef = E7A1B2C300001007 /* WorkoutView.swift */; };
		E7A1B2C300002008 /* ResultView.swift in Sources */ = {isa = PBXBuildFile; fileRef = E7A1B2C300001008 /* ResultView.swift */; };
		E7A1B2C300002009 /* SensorLogger.swift in Sources */ = {isa = PBXBuildFile; fileRef = E7A1B2C300001009 /* SensorLogger.swift */; };
		E7A1B2C30000200B /* Assets.xcassets in Resources */ = {isa = PBXBuildFile; fileRef = E7A1B2C30000100B /* Assets.xcassets */; };
/* End PBXBuildFile section */

/* Begin PBXContainerItemProxy section */
		E0F12CD72F6401AD00DC56BC /* PBXContainerItemProxy */ = {
			isa = PBXContainerItemProxy;
			containerPortal = E7A1B2C300006001 /* Project object */;
			proxyType = 1;
			remoteGlobalIDString = E0F12CC62F6401AB00DC56BC;
			remoteInfo = BenchSenseWatch;
		};
		E0F12CE12F6401AD00DC56BC /* PBXContainerItemProxy */ = {
			isa = PBXContainerItemProxy;
			containerPortal = E7A1B2C300006001 /* Project object */;
			proxyType = 1;
			remoteGlobalIDString = E0F12CC62F6401AB00DC56BC;
			remoteInfo = BenchSenseWatch;
		};
		E0F12CEE2F6401AD00DC56BC /* PBXContainerItemProxy */ = {
			isa = PBXContainerItemProxy;
			containerPortal = E7A1B2C300006001 /* Project object */;
			proxyType = 1;
			remoteGlobalIDString = E0F12CEB2F6401AD00DC56BC;
			remoteInfo = "BenchSenseWatch Watch App";
		};
		E0F12CFF2F6401AE00DC56BC /* PBXContainerItemProxy */ = {
			isa = PBXContainerItemProxy;
			containerPortal = E7A1B2C300006001 /* Project object */;
			proxyType = 1;
			remoteGlobalIDString = E0F12CEB2F6401AD00DC56BC;
			remoteInfo = "BenchSenseWatch Watch App";
		};
		E0F12D092F6401AE00DC56BC /* PBXContainerItemProxy */ = {
			isa = PBXContainerItemProxy;
			containerPortal = E7A1B2C300006001 /* Project object */;
			proxyType = 1;
			remoteGlobalIDString = E0F12CEB2F6401AD00DC56BC;
			remoteInfo = "BenchSenseWatch Watch App";
		};
/* End PBXContainerItemProxy section */

/* Begin PBXCopyFilesBuildPhase section */
		E0F12D122F6401AE00DC56BC /* Embed Watch Content */ = {
			isa = PBXCopyFilesBuildPhase;
			buildActionMask = 2147483647;
			dstPath = "$(CONTENTS_FOLDER_PATH)/Watch";
			dstSubfolderSpec = 16;
			files = (
				E0F12CED2F6401AD00DC56BC /* BenchSenseWatch Watch App.app in Embed Watch Content */,
			);
			name = "Embed Watch Content";
			runOnlyForDeploymentPostprocessing = 0;
		};
/* End PBXCopyFilesBuildPhase section */

/* Begin PBXFileReference section */
		E0F12CC72F6401AB00DC56BC /* BenchSenseWatch.app */ = {isa = PBXFileReference; explicitFileType = wrapper.application; includeInIndex = 0; path = BenchSenseWatch.app; sourceTree = BUILT_PRODUCTS_DIR; };
		E0F12CD62F6401AD00DC56BC /* BenchSenseWatchTests.xctest */ = {isa = PBXFileReference; explicitFileType = wrapper.cfbundle; includeInIndex = 0; path = BenchSenseWatchTests.xctest; sourceTree = BUILT_PRODUCTS_DIR; };
		E0F12CE02F6401AD00DC56BC /* BenchSenseWatchUITests.xctest */ = {isa = PBXFileReference; explicitFileType = wrapper.cfbundle; includeInIndex = 0; path = BenchSenseWatchUITests.xctest; sourceTree = BUILT_PRODUCTS_DIR; };
		E0F12CEC2F6401AD00DC56BC /* BenchSenseWatch Watch App.app */ = {isa = PBXFileReference; explicitFileType = wrapper.application; includeInIndex = 0; path = "BenchSenseWatch Watch App.app"; sourceTree = BUILT_PRODUCTS_DIR; };
		E0F12CFE2F6401AE00DC56BC /* BenchSenseWatch Watch AppTests.xctest */ = {isa = PBXFileReference; explicitFileType = wrapper.cfbundle; includeInIndex = 0; path = "BenchSenseWatch Watch AppTests.xctest"; sourceTree = BUILT_PRODUCTS_DIR; };
		E0F12D082F6401AE00DC56BC /* BenchSenseWatch Watch AppUITests.xctest */ = {isa = PBXFileReference; explicitFileType = wrapper.cfbundle; includeInIndex = 0; path = "BenchSenseWatch Watch AppUITests.xctest"; sourceTree = BUILT_PRODUCTS_DIR; };
		E0F12D392F64020700DC56BC /* BenchSenseApp.swift */ = {isa = PBXFileReference; lastKnownFileType = sourcecode.swift; path = BenchSenseApp.swift; sourceTree = "<group>"; };
		E0F12D3A2F64020700DC56BC /* BenchSenseWatchApp.swift */ = {isa = PBXFileReference; lastKnownFileType = sourcecode.swift; path = BenchSenseWatchApp.swift; sourceTree = "<group>"; };
		E0F12D3B2F64020700DC56BC /* ContentView.swift */ = {isa = PBXFileReference; lastKnownFileType = sourcecode.swift; path = ContentView.swift; sourceTree = "<group>"; };
		E0F12D432F6402F400DC56BC /* CoreMotion.framework */ = {isa = PBXFileReference; lastKnownFileType = wrapper.framework; name = CoreMotion.framework; path = Platforms/iPhoneOS.platform/Developer/SDKs/iPhoneOS18.2.sdk/System/Library/Frameworks/CoreMotion.framework; sourceTree = DEVELOPER_DIR; };
		E7A1B2C300000001 /* BenchSense.app */ = {isa = PBXFileReference; explicitFileType = wrapper.application; includeInIndex = 0; path = BenchSense.app; sourceTree = BUILT_PRODUCTS_DIR; };
		E7A1B2C300001001 /* BenchSenseApp.swift */ = {isa = PBXFileReference; lastKnownFileType = sourcecode.swift; path = BenchSenseApp.swift; sourceTree = "<group>"; };
		E7A1B2C300001002 /* WorkoutSession.swift */ = {isa = PBXFileReference; lastKnownFileType = sourcecode.swift; path = WorkoutSession.swift; sourceTree = "<group>"; };
		E7A1B2C300001003 /* MotionManager.swift */ = {isa = PBXFileReference; lastKnownFileType = sourcecode.swift; path = MotionManager.swift; sourceTree = "<group>"; };
		E7A1B2C300001004 /* WorkoutManager.swift */ = {isa = PBXFileReference; lastKnownFileType = sourcecode.swift; path = WorkoutManager.swift; sourceTree = "<group>"; };
		E7A1B2C300001005 /* HapticsManager.swift */ = {isa = PBXFileReference; lastKnownFileType = sourcecode.swift; path = HapticsManager.swift; sourceTree = "<group>"; };
		E7A1B2C300001006 /* HomeView.swift */ = {isa = PBXFileReference; lastKnownFileType = sourcecode.swift; path = HomeView.swift; sourceTree = "<group>"; };
		E7A1B2C300001007 /* WorkoutView.swift */ = {isa = PBXFileReference; lastKnownFileType = sourcecode.swift; path = WorkoutView.swift; sourceTree = "<group>"; };
		E7A1B2C300001008 /* ResultView.swift */ = {isa = PBXFileReference; lastKnownFileType = sourcecode.swift; path = ResultView.swift; sourceTree = "<group>"; };
		E7A1B2C300001009 /* SensorLogger.swift */ = {isa = PBXFileReference; lastKnownFileType = sourcecode.swift; path = SensorLogger.swift; sourceTree = "<group>"; };
		E7A1B2C30000100B /* Assets.xcassets */ = {isa = PBXFileReference; lastKnownFileType = folder.assetcatalog; path = Assets.xcassets; sourceTree = "<group>"; };
/* End PBXFileReference section */

/* Begin PBXFileSystemSynchronizedRootGroup section */
		E0F12CC82F6401AB00DC56BC /* BenchSenseWatch */ = {isa = PBXFileSystemSynchronizedRootGroup; explicitFileTypes = {}; explicitFolders = (); path = BenchSenseWatch; sourceTree = "<group>"; };
		E0F12CD92F6401AD00DC56BC /* BenchSenseWatchTests */ = {isa = PBXFileSystemSynchronizedRootGroup; explicitFileTypes = {}; explicitFolders = (); path = BenchSenseWatchTests; sourceTree = "<group>"; };
		E0F12CE32F6401AD00DC56BC /* BenchSenseWatchUITests */ = {isa = PBXFileSystemSynchronizedRootGroup; explicitFileTypes = {}; explicitFolders = (); path = BenchSenseWatchUITests; sourceTree = "<group>"; };
		E0F12CF02F6401AD00DC56BC /* BenchSenseWatch Watch App */ = {isa = PBXFileSystemSynchronizedRootGroup; explicitFileTypes = {}; explicitFolders = (); path = "BenchSenseWatch Watch App"; sourceTree = "<group>"; };
		E0F12D012F6401AE00DC56BC /* BenchSenseWatch Watch AppTests */ = {isa = PBXFileSystemSynchronizedRootGroup; explicitFileTypes = {}; explicitFolders = (); path = "BenchSenseWatch Watch AppTests"; sourceTree = "<group>"; };
		E0F12D0B2F6401AE00DC56BC /* BenchSenseWatch Watch AppUITests */ = {isa = PBXFileSystemSynchronizedRootGroup; explicitFileTypes = {}; explicitFolders = (); path = "BenchSenseWatch Watch AppUITests"; sourceTree = "<group>"; };
/* End PBXFileSystemSynchronizedRootGroup section */

/* Begin PBXFrameworksBuildPhase section */
		E0F12CC42F6401AB00DC56BC /* Frameworks */ = {
			isa = PBXFrameworksBuildPhase;
			buildActionMask = 2147483647;
			files = (
				E0F12D442F6402F400DC56BC /* CoreMotion.framework in Frameworks */,
			);
			runOnlyForDeploymentPostprocessing = 0;
		};
		E0F12CD32F6401AD00DC56BC /* Frameworks */ = {
			isa = PBXFrameworksBuildPhase;
			buildActionMask = 2147483647;
			files = (
			);
			runOnlyForDeploymentPostprocessing = 0;
		};
		E0F12CDD2F6401AD00DC56BC /* Frameworks */ = {
			isa = PBXFrameworksBuildPhase;
			buildActionMask = 2147483647;
			files = (
			);
			runOnlyForDeploymentPostprocessing = 0;
		};
		E0F12CE92F6401AD00DC56BC /* Frameworks */ = {
			isa = PBXFrameworksBuildPhase;
			buildActionMask = 2147483647;
			files = (
			);
			runOnlyForDeploymentPostprocessing = 0;
		};
		E0F12CFB2F6401AE00DC56BC /* Frameworks */ = {
			isa = PBXFrameworksBuildPhase;
			buildActionMask = 2147483647;
			files = (
			);
			runOnlyForDeploymentPostprocessing = 0;
		};
		E0F12D052F6401AE00DC56BC /* Frameworks */ = {
			isa = PBXFrameworksBuildPhase;
			buildActionMask = 2147483647;
			files = (
			);
			runOnlyForDeploymentPostprocessing = 0;
		};
		E7A1B2C300004002 /* Frameworks */ = {
			isa = PBXFrameworksBuildPhase;
			buildActionMask = 2147483647;
			files = (
			);
			runOnlyForDeploymentPostprocessing = 0;
		};
/* End PBXFrameworksBuildPhase section */

/* Begin PBXGroup section */
		E0F12D422F6402F400DC56BC /* Frameworks */ = {
			isa = PBXGroup;
			children = (
				E0F12D432F6402F400DC56BC /* CoreMotion.framework */,
			);
			name = Frameworks;
			sourceTree = "<group>";
		};
		E7A1B2C300003001 = {
			isa = PBXGroup;
			children = (
				E7A1B2C300003002 /* BenchSenseWatch */,
				E0F12CC82F6401AB00DC56BC /* BenchSenseWatch */,
				E0F12CD92F6401AD00DC56BC /* BenchSenseWatchTests */,
				E0F12CE32F6401AD00DC56BC /* BenchSenseWatchUITests */,
				E0F12CF02F6401AD00DC56BC /* BenchSenseWatch Watch App */,
				E0F12D012F6401AE00DC56BC /* BenchSenseWatch Watch AppTests */,
				E0F12D0B2F6401AE00DC56BC /* BenchSenseWatch Watch AppUITests */,
				E0F12D422F6402F400DC56BC /* Frameworks */,
				E7A1B2C300003008 /* Products */,
			);
			sourceTree = "<group>";
		};
		E7A1B2C300003002 /* BenchSenseWatch */ = {
			isa = PBXGroup;
			children = (
				E7A1B2C300001001 /* BenchSenseApp.swift */,
				E0F12D392F64020700DC56BC /* BenchSenseApp.swift */,
				E0F12D3A2F64020700DC56BC /* BenchSenseWatchApp.swift */,
				E0F12D3B2F64020700DC56BC /* ContentView.swift */,
				E7A1B2C30000100B /* Assets.xcassets */,
				E7A1B2C300003003 /* Models */,
				E7A1B2C300003004 /* Managers */,
				E7A1B2C300003005 /* Views */,
				E7A1B2C300003006 /* Utilities */,
			);
			path = BenchSenseWatch;
			sourceTree = "<group>";
		};
		E7A1B2C300003003 /* Models */ = {
			isa = PBXGroup;
			children = (
				E7A1B2C300001002 /* WorkoutSession.swift */,
			);
			path = Models;
			sourceTree = "<group>";
		};
		E7A1B2C300003004 /* Managers */ = {
			isa = PBXGroup;
			children = (
				E7A1B2C300001003 /* MotionManager.swift */,
				E7A1B2C300001004 /* WorkoutManager.swift */,
				E7A1B2C300001005 /* HapticsManager.swift */,
			);
			path = Managers;
			sourceTree = "<group>";
		};
		E7A1B2C300003005 /* Views */ = {
			isa = PBXGroup;
			children = (
				E7A1B2C300001006 /* HomeView.swift */,
				E7A1B2C300001007 /* WorkoutView.swift */,
				E7A1B2C300001008 /* ResultView.swift */,
			);
			path = Views;
			sourceTree = "<group>";
		};
		E7A1B2C300003006 /* Utilities */ = {
			isa = PBXGroup;
			children = (
				E7A1B2C300001009 /* SensorLogger.swift */,
			);
			path = Utilities;
			sourceTree = "<group>";
		};
		E7A1B2C300003008 /* Products */ = {
			isa = PBXGroup;
			children = (
				E7A1B2C300000001 /* BenchSense.app */,
				E0F12CC72F6401AB00DC56BC /* BenchSenseWatch.app */,
				E0F12CD62F6401AD00DC56BC /* BenchSenseWatchTests.xctest */,
				E0F12CE02F6401AD00DC56BC /* BenchSenseWatchUITests.xctest */,
				E0F12CEC2F6401AD00DC56BC /* BenchSenseWatch Watch App.app */,
				E0F12CFE2F6401AE00DC56BC /* BenchSenseWatch Watch AppTests.xctest */,
				E0F12D082F6401AE00DC56BC /* BenchSenseWatch Watch AppUITests.xctest */,
			);
			name = Products;
			sourceTree = "<group>";
		};
/* End PBXGroup section */

/* Begin PBXNativeTarget section */
		E0F12CC62F6401AB00DC56BC /* BenchSenseWatch */ = {
			isa = PBXNativeTarget;
			buildConfigurationList = E0F12D1E2F6401AE00DC56BC /* Build configuration list for PBXNativeTarget "BenchSenseWatch" */;
			buildPhases = (
				E0F12CC32F6401AB00DC56BC /* Sources */,
				E0F12CC42F6401AB00DC56BC /* Frameworks */,
				E0F12CC52F6401AB00DC56BC /* Resources */,
				E0F12D122F6401AE00DC56BC /* Embed Watch Content */,
			);
			buildRules = (
			);
			dependencies = (
				E0F12CEF2F6401AD00DC56BC /* PBXTargetDependency */,
			);
			fileSystemSynchronizedGroups = (
				E0F12CC82F6401AB00DC56BC /* BenchSenseWatch */,
			);
			name = BenchSenseWatch;
			packageProductDependencies = (
			);
			productName = BenchSenseWatch;
			productReference = E0F12CC72F6401AB00DC56BC /* BenchSenseWatch.app */;
			productType = "com.apple.product-type.application";
		};
		E0F12CD52F6401AD00DC56BC /* BenchSenseWatchTests */ = {
			isa = PBXNativeTarget;
			buildConfigurationList = E0F12D1F2F6401AE00DC56BC /* Build configuration list for PBXNativeTarget "BenchSenseWatchTests" */;
			buildPhases = (
				E0F12CD22F6401AD00DC56BC /* Sources */,
				E0F12CD32F6401AD00DC56BC /* Frameworks */,
				E0F12CD42F6401AD00DC56BC /* Resources */,
			);
			buildRules = (
			);
			dependencies = (
				E0F12CD82F6401AD00DC56BC /* PBXTargetDependency */,
			);
			fileSystemSynchronizedGroups = (
				E0F12CD92F6401AD00DC56BC /* BenchSenseWatchTests */,
			);
			name = BenchSenseWatchTests;
			packageProductDependencies = (
			);
			productName = BenchSenseWatchTests;
			productReference = E0F12CD62F6401AD00DC56BC /* BenchSenseWatchTests.xctest */;
			productType = "com.apple.product-type.bundle.unit-test";
		};
		E0F12CDF2F6401AD00DC56BC /* BenchSenseWatchUITests */ = {
			isa = PBXNativeTarget;
			buildConfigurationList = E0F12D202F6401AE00DC56BC /* Build configuration list for PBXNativeTarget "BenchSenseWatchUITests" */;
			buildPhases = (
				E0F12CDC2F6401AD00DC56BC /* Sources */,
				E0F12CDD2F6401AD00DC56BC /* Frameworks */,
				E0F12CDE2F6401AD00DC56BC /* Resources */,
			);
			buildRules = (
			);
			dependencies = (
				E0F12CE22F6401AD00DC56BC /* PBXTargetDependency */,
			);
			fileSystemSynchronizedGroups = (
				E0F12CE32F6401AD00DC56BC /* BenchSenseWatchUITests */,
			);
			name = BenchSenseWatchUITests;
			packageProductDependencies = (
			);
			productName = BenchSenseWatchUITests;
			productReference = E0F12CE02F6401AD00DC56BC /* BenchSenseWatchUITests.xctest */;
			productType = "com.apple.product-type.bundle.ui-testing";
		};
		E0F12CEB2F6401AD00DC56BC /* BenchSenseWatch Watch App */ = {
			isa = PBXNativeTarget;
			buildConfigurationList = E0F12D1D2F6401AE00DC56BC /* Build configuration list for PBXNativeTarget "BenchSenseWatch Watch App" */;
			buildPhases = (
				E0F12CE82F6401AD00DC56BC /* Sources */,
				E0F12CE92F6401AD00DC56BC /* Frameworks */,
				E0F12CEA2F6401AD00DC56BC /* Resources */,
			);
			buildRules = (
			);
			dependencies = (
			);
			fileSystemSynchronizedGroups = (
				E0F12CF02F6401AD00DC56BC /* BenchSenseWatch Watch App */,
			);
			name = "BenchSenseWatch Watch App";
			packageProductDependencies = (
			);
			productName = "BenchSenseWatch Watch App";
			productReference = E0F12CEC2F6401AD00DC56BC /* BenchSenseWatch Watch App.app */;
			productType = "com.apple.product-type.application";
		};
		E0F12CFD2F6401AE00DC56BC /* BenchSenseWatch Watch AppTests */ = {
			isa = PBXNativeTarget;
			buildConfigurationList = E0F12D212F6401AE00DC56BC /* Build configuration list for PBXNativeTarget "BenchSenseWatch Watch AppTests" */;
			buildPhases = (
				E0F12CFA2F6401AE00DC56BC /* Sources */,
				E0F12CFB2F6401AE00DC56BC /* Frameworks */,
				E0F12CFC2F6401AE00DC56BC /* Resources */,
			);
			buildRules = (
			);
			dependencies = (
				E0F12D002F6401AE00DC56BC /* PBXTargetDependency */,
			);
			fileSystemSynchronizedGroups = (
				E0F12D012F6401AE00DC56BC /* BenchSenseWatch Watch AppTests */,
			);
			name = "BenchSenseWatch Watch AppTests";
			packageProductDependencies = (
			);
			productName = "BenchSenseWatch Watch AppTests";
			productReference = E0F12CFE2F6401AE00DC56BC /* BenchSenseWatch Watch AppTests.xctest */;
			productType = "com.apple.product-type.bundle.unit-test";
		};
		E0F12D072F6401AE00DC56BC /* BenchSenseWatch Watch AppUITests */ = {
			isa = PBXNativeTarget;
			buildConfigurationList = E0F12D222F6401AE00DC56BC /* Build configuration list for PBXNativeTarget "BenchSenseWatch Watch AppUITests" */;
			buildPhases = (
				E0F12D042F6401AE00DC56BC /* Sources */,
				E0F12D052F6401AE00DC56BC /* Frameworks */,
				E0F12D062F6401AE00DC56BC /* Resources */,
			);
			buildRules = (
			);
			dependencies = (
				E0F12D0A2F6401AE00DC56BC /* PBXTargetDependency */,
			);
			fileSystemSynchronizedGroups = (
				E0F12D0B2F6401AE00DC56BC /* BenchSenseWatch Watch AppUITests */,
			);
			name = "BenchSenseWatch Watch AppUITests";
			packageProductDependencies = (
			);
			productName = "BenchSenseWatch Watch AppUITests";
			productReference = E0F12D082F6401AE00DC56BC /* BenchSenseWatch Watch AppUITests.xctest */;
			productType = "com.apple.product-type.bundle.ui-testing";
		};
		E7A1B2C300005001 /* BenchSense */ = {
			isa = PBXNativeTarget;
			buildConfigurationList = E7A1B2C300008002 /* Build configuration list for PBXNativeTarget "BenchSense" */;
			buildPhases = (
				E7A1B2C300004001 /* Sources */,
				E7A1B2C300004002 /* Frameworks */,
				E7A1B2C300004003 /* Resources */,
			);
			buildRules = (
			);
			dependencies = (
			);
			name = BenchSense;
			productName = BenchSense;
			productReference = E7A1B2C300000001 /* BenchSense.app */;
			productType = "com.apple.product-type.application";
		};
/* End PBXNativeTarget section */

/* Begin PBXProject section */
		E7A1B2C300006001 /* Project object */ = {
			isa = PBXProject;
			attributes = {
				BuildIndependentTargetsInParallel = 1;
				LastSwiftUpdateCheck = 1620;
				LastUpgradeCheck = 1540;
				TargetAttributes = {
					E0F12CC62F6401AB00DC56BC = {
						CreatedOnToolsVersion = 16.2;
					};
					E0F12CD52F6401AD00DC56BC = {
						CreatedOnToolsVersion = 16.2;
						TestTargetID = E0F12CC62F6401AB00DC56BC;
					};
					E0F12CDF2F6401AD00DC56BC = {
						CreatedOnToolsVersion = 16.2;
						TestTargetID = E0F12CC62F6401AB00DC56BC;
					};
					E0F12CEB2F6401AD00DC56BC = {
						CreatedOnToolsVersion = 16.2;
					};
					E0F12CFD2F6401AE00DC56BC = {
						CreatedOnToolsVersion = 16.2;
						TestTargetID = E0F12CEB2F6401AD00DC56BC;
					};
					E0F12D072F6401AE00DC56BC = {
						CreatedOnToolsVersion = 16.2;
						TestTargetID = E0F12CEB2F6401AD00DC56BC;
					};
					E7A1B2C300005001 = {
						CreatedOnToolsVersion = 15.4;
					};
				};
			};
			buildConfigurationList = E7A1B2C300008001 /* Build configuration list for PBXProject "BenchSense" */;
			compatibilityVersion = "Xcode 14.0";
			developmentRegion = en;
			hasScannedForEncodings = 0;
			knownRegions = (
				en,
				Base,
				ja,
			);
			mainGroup = E7A1B2C300003001;
			productRefGroup = E7A1B2C300003008 /* Products */;
			projectDirPath = "";
			projectRoot = "";
			targets = (
				E7A1B2C300005001 /* BenchSense */,
				E0F12CC62F6401AB00DC56BC /* BenchSenseWatch */,
				E0F12CD52F6401AD00DC56BC /* BenchSenseWatchTests */,
				E0F12CDF2F6401AD00DC56BC /* BenchSenseWatchUITests */,
				E0F12CEB2F6401AD00DC56BC /* BenchSenseWatch Watch App */,
				E0F12CFD2F6401AE00DC56BC /* BenchSenseWatch Watch AppTests */,
				E0F12D072F6401AE00DC56BC /* BenchSenseWatch Watch AppUITests */,
			);
		};
/* End PBXProject section */

/* Begin PBXResourcesBuildPhase section */
		E0F12CC52F6401AB00DC56BC /* Resources */ = {
			isa = PBXResourcesBuildPhase;
			buildActionMask = 2147483647;
			files = (
			);
			runOnlyForDeploymentPostprocessing = 0;
		};
		E0F12CD42F6401AD00DC56BC /* Resources */ = {
			isa = PBXResourcesBuildPhase;
			buildActionMask = 2147483647;
			files = (
			);
			runOnlyForDeploymentPostprocessing = 0;
		};
		E0F12CDE2F6401AD00DC56BC /* Resources */ = {
			isa = PBXResourcesBuildPhase;
			buildActionMask = 2147483647;
			files = (
			);
			runOnlyForDeploymentPostprocessing = 0;
		};
		E0F12CEA2F6401AD00DC56BC /* Resources */ = {
			isa = PBXResourcesBuildPhase;
			buildActionMask = 2147483647;
			files = (
			);
			runOnlyForDeploymentPostprocessing = 0;
		};
		E0F12CFC2F6401AE00DC56BC /* Resources */ = {
			isa = PBXResourcesBuildPhase;
			buildActionMask = 2147483647;
			files = (
			);
			runOnlyForDeploymentPostprocessing = 0;
		};
		E0F12D062F6401AE00DC56BC /* Resources */ = {
			isa = PBXResourcesBuildPhase;
			buildActionMask = 2147483647;
			files = (
			);
			runOnlyForDeploymentPostprocessing = 0;
		};
		E7A1B2C300004003 /* Resources */ = {
			isa = PBXResourcesBuildPhase;
			buildActionMask = 2147483647;
			files = (
				E7A1B2C30000200B /* Assets.xcassets in Resources */,
			);
			runOnlyForDeploymentPostprocessing = 0;
		};
/* End PBXResourcesBuildPhase section */

/* Begin PBXSourcesBuildPhase section */
		E0F12CC32F6401AB00DC56BC /* Sources */ = {
			isa = PBXSourcesBuildPhase;
			buildActionMask = 2147483647;
			files = (
				E0F12D3F2F64020700DC56BC /* BenchSenseApp.swift in Sources */,
				E0F12D402F64020700DC56BC /* ContentView.swift in Sources */,
				E0F12D412F64020700DC56BC /* BenchSenseWatchApp.swift in Sources */,
			);
			runOnlyForDeploymentPostprocessing = 0;
		};
		E0F12CD22F6401AD00DC56BC /* Sources */ = {
			isa = PBXSourcesBuildPhase;
			buildActionMask = 2147483647;
			files = (
			);
			runOnlyForDeploymentPostprocessing = 0;
		};
		E0F12CDC2F6401AD00DC56BC /* Sources */ = {
			isa = PBXSourcesBuildPhase;
			buildActionMask = 2147483647;
			files = (
			);
			runOnlyForDeploymentPostprocessing = 0;
		};
		E0F12CE82F6401AD00DC56BC /* Sources */ = {
			isa = PBXSourcesBuildPhase;
			buildActionMask = 2147483647;
			files = (
			);
			runOnlyForDeploymentPostprocessing = 0;
		};
		E0F12CFA2F6401AE00DC56BC /* Sources */ = {
			isa = PBXSourcesBuildPhase;
			buildActionMask = 2147483647;
			files = (
			);
			runOnlyForDeploymentPostprocessing = 0;
		};
		E0F12D042F6401AE00DC56BC /* Sources */ = {
			isa = PBXSourcesBuildPhase;
			buildActionMask = 2147483647;
			files = (
			);
			runOnlyForDeploymentPostprocessing = 0;
		};
		E7A1B2C300004001 /* Sources */ = {
			isa = PBXSourcesBuildPhase;
			buildActionMask = 2147483647;
			files = (
				E7A1B2C300002001 /* BenchSenseApp.swift in Sources */,
				E7A1B2C300002002 /* WorkoutSession.swift in Sources */,
				E7A1B2C300002003 /* MotionManager.swift in Sources */,
				E7A1B2C300002004 /* WorkoutManager.swift in Sources */,
				E7A1B2C300002005 /* HapticsManager.swift in Sources */,
				E7A1B2C300002006 /* HomeView.swift in Sources */,
				E7A1B2C300002007 /* WorkoutView.swift in Sources */,
				E7A1B2C300002008 /* ResultView.swift in Sources */,
				E0F12D3C2F64020700DC56BC /* BenchSenseApp.swift in Sources */,
				E0F12D3D2F64020700DC56BC /* ContentView.swift in Sources */,
				E0F12D3E2F64020700DC56BC /* BenchSenseWatchApp.swift in Sources */,
				E7A1B2C300002009 /* SensorLogger.swift in Sources */,
			);
			runOnlyForDeploymentPostprocessing = 0;
		};
/* End PBXSourcesBuildPhase section */

/* Begin PBXTargetDependency section */
		E0F12CD82F6401AD00DC56BC /* PBXTargetDependency */ = {
			isa = PBXTargetDependency;
			target = E0F12CC62F6401AB00DC56BC /* BenchSenseWatch */;
			targetProxy = E0F12CD72F6401AD00DC56BC /* PBXContainerItemProxy */;
		};
		E0F12CE22F6401AD00DC56BC /* PBXTargetDependency */ = {
			isa = PBXTargetDependency;
			target = E0F12CC62F6401AB00DC56BC /* BenchSenseWatch */;
			targetProxy = E0F12CE12F6401AD00DC56BC /* PBXContainerItemProxy */;
		};
		E0F12CEF2F6401AD00DC56BC /* PBXTargetDependency */ = {
			isa = PBXTargetDependency;
			target = E0F12CEB2F6401AD00DC56BC /* BenchSenseWatch Watch App */;
			targetProxy = E0F12CEE2F6401AD00DC56BC /* PBXContainerItemProxy */;
		};
		E0F12D002F6401AE00DC56BC /* PBXTargetDependency */ = {
			isa = PBXTargetDependency;
			target = E0F12CEB2F6401AD00DC56BC /* BenchSenseWatch Watch App */;
			targetProxy = E0F12CFF2F6401AE00DC56BC /* PBXContainerItemProxy */;
		};
		E0F12D0A2F6401AE00DC56BC /* PBXTargetDependency */ = {
			isa = PBXTargetDependency;
			target = E0F12CEB2F6401AD00DC56BC /* BenchSenseWatch Watch App */;
			targetProxy = E0F12D092F6401AE00DC56BC /* PBXContainerItemProxy */;
		};
/* End PBXTargetDependency section */

/* Begin XCBuildConfiguration section */
		E0F12D102F6401AE00DC56BC /* Debug */ = {
			isa = XCBuildConfiguration;
			buildSettings = {
				ASSETCATALOG_COMPILER_APPICON_NAME = AppIcon;
				ASSETCATALOG_COMPILER_GLOBAL_ACCENT_COLOR_NAME = AccentColor;
				CODE_SIGN_STYLE = Automatic;
				CURRENT_PROJECT_VERSION = 1;
				DEVELOPMENT_ASSET_PATHS = "\"BenchSenseWatch/Preview Content\"";
				DEVELOPMENT_TEAM = QLTH57L825;
				ENABLE_PREVIEWS = YES;
				GENERATE_INFOPLIST_FILE = YES;
				INFOPLIST_KEY_CFBundleDisplayName = BenchSenseWatch;
				INFOPLIST_KEY_UISupportedInterfaceOrientations = "UIInterfaceOrientationPortrait UIInterfaceOrientationPortraitUpsideDown";
				LD_RUNPATH_SEARCH_PATHS = (
					"$(inherited)",
					"@executable_path/Frameworks",
				);
				MARKETING_VERSION = 1.0;
				PRODUCT_BUNDLE_IDENTIFIER = BenchSenseWatch.BenchSenseWatch;
				PRODUCT_NAME = "$(TARGET_NAME)";
				SDKROOT = watchos;
				SWIFT_EMIT_LOC_STRINGS = YES;
				SWIFT_VERSION = 5.0;
				TARGETED_DEVICE_FAMILY = 4;
				WATCHOS_DEPLOYMENT_TARGET = 11.2;
			};
			name = Debug;
		};
		E0F12D112F6401AE00DC56BC /* Release */ = {
			isa = XCBuildConfiguration;
			buildSettings = {
				ASSETCATALOG_COMPILER_APPICON_NAME = AppIcon;
				ASSETCATALOG_COMPILER_GLOBAL_ACCENT_COLOR_NAME = AccentColor;
				CODE_SIGN_STYLE = Automatic;
				CURRENT_PROJECT_VERSION = 1;
				DEVELOPMENT_ASSET_PATHS = "\"BenchSenseWatch/Preview Content\"";
				DEVELOPMENT_TEAM = QLTH57L825;
				ENABLE_PREVIEWS = YES;
				GENERATE_INFOPLIST_FILE = YES;
				INFOPLIST_KEY_CFBundleDisplayName = BenchSenseWatch;
				INFOPLIST_KEY_UISupportedInterfaceOrientations = "UIInterfaceOrientationPortrait UIInterfaceOrientationPortraitUpsideDown";
				LD_RUNPATH_SEARCH_PATHS = (
					"$(inherited)",
					"@executable_path/Frameworks",
				);
				MARKETING_VERSION = 1.0;
				PRODUCT_BUNDLE_IDENTIFIER = BenchSenseWatch.BenchSenseWatch;
				PRODUCT_NAME = "$(TARGET_NAME)";
				SDKROOT = watchos;
				SWIFT_EMIT_LOC_STRINGS = YES;
				SWIFT_VERSION = 5.0;
				TARGETED_DEVICE_FAMILY = 4;
				WATCHOS_DEPLOYMENT_TARGET = 11.2;
			};
			name = Release;
		};
		E0F12D132F6401AE00DC56BC /* Debug */ = {
			isa = XCBuildConfiguration;
			buildSettings = {
				BUNDLE_LOADER = "$(TEST_HOST)";
				CODE_SIGN_STYLE = Automatic;
				CURRENT_PROJECT_VERSION = 1;
				DEVELOPMENT_TEAM = QLTH57L825;
				GENERATE_INFOPLIST_FILE = YES;
				IPHONEOS_DEPLOYMENT_TARGET = 18.2;
				MARKETING_VERSION = 1.0;
				PRODUCT_BUNDLE_IDENTIFIER = BenchSenseWatch.BenchSenseWatchTests;
				PRODUCT_NAME = "$(TARGET_NAME)";
				SDKROOT = iphoneos;
				SWIFT_EMIT_LOC_STRINGS = NO;
				SWIFT_VERSION = 5.0;
				TARGETED_DEVICE_FAMILY = "1,2";
				TEST_HOST = "$(BUILT_PRODUCTS_DIR)/BenchSenseWatch.app/$(BUNDLE_EXECUTABLE_FOLDER_PATH)/BenchSenseWatch";
			};
			name = Debug;
		};
		E0F12D142F6401AE00DC56BC /* Release */ = {
			isa = XCBuildConfiguration;
			buildSettings = {
				BUNDLE_LOADER = "$(TEST_HOST)";
				CODE_SIGN_STYLE = Automatic;
				CURRENT_PROJECT_VERSION = 1;
				DEVELOPMENT_TEAM = QLTH57L825;
				GENERATE_INFOPLIST_FILE = YES;
				IPHONEOS_DEPLOYMENT_TARGET = 18.2;
				MARKETING_VERSION = 1.0;
				PRODUCT_BUNDLE_IDENTIFIER = BenchSenseWatch.BenchSenseWatchTests;
				PRODUCT_NAME = "$(TARGET_NAME)";
				SDKROOT = iphoneos;
				SWIFT_EMIT_LOC_STRINGS = NO;
				SWIFT_VERSION = 5.0;
				TARGETED_DEVICE_FAMILY = "1,2";
				TEST_HOST = "$(BUILT_PRODUCTS_DIR)/BenchSenseWatch.app/$(BUNDLE_EXECUTABLE_FOLDER_PATH)/BenchSenseWatch";
			};
			name = Release;
		};
		E0F12D152F6401AE00DC56BC /* Debug */ = {
			isa = XCBuildConfiguration;
			buildSettings = {
				CODE_SIGN_STYLE = Automatic;
				CURRENT_PROJECT_VERSION = 1;
				DEVELOPMENT_TEAM = QLTH57L825;
				GENERATE_INFOPLIST_FILE = YES;
				IPHONEOS_DEPLOYMENT_TARGET = 18.2;
				MARKETING_VERSION = 1.0;
				PRODUCT_BUNDLE_IDENTIFIER = BenchSenseWatch.BenchSenseWatchUITests;
				PRODUCT_NAME = "$(TARGET_NAME)";
				SDKROOT = iphoneos;
				SWIFT_EMIT_LOC_STRINGS = NO;
				SWIFT_VERSION = 5.0;
				TARGETED_DEVICE_FAMILY = "1,2";
				TEST_TARGET_NAME = BenchSenseWatch;
			};
			name = Debug;
		};
		E0F12D162F6401AE00DC56BC /* Release */ = {
			isa = XCBuildConfiguration;
			buildSettings = {
				CODE_SIGN_STYLE = Automatic;
				CURRENT_PROJECT_VERSION = 1;
				DEVELOPMENT_TEAM = QLTH57L825;
				GENERATE_INFOPLIST_FILE = YES;
				IPHONEOS_DEPLOYMENT_TARGET = 18.2;
				MARKETING_VERSION = 1.0;
				PRODUCT_BUNDLE_IDENTIFIER = BenchSenseWatch.BenchSenseWatchUITests;
				PRODUCT_NAME = "$(TARGET_NAME)";
				SDKROOT = iphoneos;
				SWIFT_EMIT_LOC_STRINGS = NO;
				SWIFT_VERSION = 5.0;
				TARGETED_DEVICE_FAMILY = "1,2";
				TEST_TARGET_NAME = BenchSenseWatch;
			};
			name = Release;
		};
		E0F12D172F6401AE00DC56BC /* Debug */ = {
			isa = XCBuildConfiguration;
			buildSettings = {
				ASSETCATALOG_COMPILER_APPICON_NAME = AppIcon;
				ASSETCATALOG_COMPILER_GLOBAL_ACCENT_COLOR_NAME = AccentColor;
				CODE_SIGN_STYLE = Automatic;
				CURRENT_PROJECT_VERSION = 1;
				DEVELOPMENT_ASSET_PATHS = "\"BenchSenseWatch Watch App/Preview Content\"";
				DEVELOPMENT_TEAM = QLTH57L825;
				ENABLE_PREVIEWS = YES;
				GENERATE_INFOPLIST_FILE = YES;
				INFOPLIST_KEY_CFBundleDisplayName = BenchSenseWatch;
				INFOPLIST_KEY_NSHealthShareUsageDescription = "BenchSense needs access to your workout data to track your bench press repetitions.";
				INFOPLIST_KEY_NSHealthUpdateUsageDescription = "BenchSense needs to save your workout data.";
				INFOPLIST_KEY_UISupportedInterfaceOrientations = "UIInterfaceOrientationPortrait UIInterfaceOrientationPortraitUpsideDown";
				INFOPLIST_KEY_WKCompanionAppBundleIdentifier = BenchSenseWatch.BenchSenseWatch;
				LD_RUNPATH_SEARCH_PATHS = (
					"$(inherited)",
					"@executable_path/Frameworks",
				);
				MARKETING_VERSION = 1.0;
				PRODUCT_BUNDLE_IDENTIFIER = BenchSenseWatch.BenchSenseWatch.watchkitapp;
				PRODUCT_NAME = "$(TARGET_NAME)";
				SDKROOT = watchos;
				SKIP_INSTALL = YES;
				SWIFT_EMIT_LOC_STRINGS = YES;
				SWIFT_VERSION = 5.0;
				TARGETED_DEVICE_FAMILY = 4;
				WATCHOS_DEPLOYMENT_TARGET = 11.2;
			};
			name = Debug;
		};
		E0F12D182F6401AE00DC56BC /* Release */ = {
			isa = XCBuildConfiguration;
			buildSettings = {
				ASSETCATALOG_COMPILER_APPICON_NAME = AppIcon;
				ASSETCATALOG_COMPILER_GLOBAL_ACCENT_COLOR_NAME = AccentColor;
				CODE_SIGN_STYLE = Automatic;
				CURRENT_PROJECT_VERSION = 1;
				DEVELOPMENT_ASSET_PATHS = "\"BenchSenseWatch Watch App/Preview Content\"";
				DEVELOPMENT_TEAM = QLTH57L825;
				ENABLE_PREVIEWS = YES;
				GENERATE_INFOPLIST_FILE = YES;
				INFOPLIST_KEY_CFBundleDisplayName = BenchSenseWatch;
				INFOPLIST_KEY_NSHealthShareUsageDescription = "BenchSense needs access to your workout data to track your bench press repetitions.";
				INFOPLIST_KEY_NSHealthUpdateUsageDescription = "BenchSense needs to save your workout data.";
				INFOPLIST_KEY_UISupportedInterfaceOrientations = "UIInterfaceOrientationPortrait UIInterfaceOrientationPortraitUpsideDown";
				INFOPLIST_KEY_WKCompanionAppBundleIdentifier = BenchSenseWatch.BenchSenseWatch;
				LD_RUNPATH_SEARCH_PATHS = (
					"$(inherited)",
					"@executable_path/Frameworks",
				);
				MARKETING_VERSION = 1.0;
				PRODUCT_BUNDLE_IDENTIFIER = BenchSenseWatch.BenchSenseWatch.watchkitapp;
				PRODUCT_NAME = "$(TARGET_NAME)";
				SDKROOT = watchos;
				SKIP_INSTALL = YES;
				SWIFT_EMIT_LOC_STRINGS = YES;
				SWIFT_VERSION = 5.0;
				TARGETED_DEVICE_FAMILY = 4;
				WATCHOS_DEPLOYMENT_TARGET = 11.2;
			};
			name = Release;
		};
		E0F12D192F6401AE00DC56BC /* Debug */ = {
			isa = XCBuildConfiguration;
			buildSettings = {
				BUNDLE_LOADER = "$(TEST_HOST)";
				CODE_SIGN_STYLE = Automatic;
				CURRENT_PROJECT_VERSION = 1;
				DEVELOPMENT_TEAM = QLTH57L825;
				GENERATE_INFOPLIST_FILE = YES;
				MARKETING_VERSION = 1.0;
				PRODUCT_BUNDLE_IDENTIFIER = "BenchSenseWatch.BenchSenseWatch-Watch-AppTests";
				PRODUCT_NAME = "$(TARGET_NAME)";
				SWIFT_EMIT_LOC_STRINGS = NO;
				SWIFT_VERSION = 5.0;
				TARGETED_DEVICE_FAMILY = 4;
				TEST_HOST = "$(BUILT_PRODUCTS_DIR)/BenchSenseWatch Watch App.app/$(BUNDLE_EXECUTABLE_FOLDER_PATH)/BenchSenseWatch Watch App";
				WATCHOS_DEPLOYMENT_TARGET = 11.2;
			};
			name = Debug;
		};
		E0F12D1A2F6401AE00DC56BC /* Release */ = {
			isa = XCBuildConfiguration;
			buildSettings = {
				BUNDLE_LOADER = "$(TEST_HOST)";
				CODE_SIGN_STYLE = Automatic;
				CURRENT_PROJECT_VERSION = 1;
				DEVELOPMENT_TEAM = QLTH57L825;
				GENERATE_INFOPLIST_FILE = YES;
				MARKETING_VERSION = 1.0;
				PRODUCT_BUNDLE_IDENTIFIER = "BenchSenseWatch.BenchSenseWatch-Watch-AppTests";
				PRODUCT_NAME = "$(TARGET_NAME)";
				SWIFT_EMIT_LOC_STRINGS = NO;
				SWIFT_VERSION = 5.0;
				TARGETED_DEVICE_FAMILY = 4;
				TEST_HOST = "$(BUILT_PRODUCTS_DIR)/BenchSenseWatch Watch App.app/$(BUNDLE_EXECUTABLE_FOLDER_PATH)/BenchSenseWatch Watch App";
				WATCHOS_DEPLOYMENT_TARGET = 11.2;
			};
			name = Release;
		};
		E0F12D1B2F6401AE00DC56BC /* Debug */ = {
			isa = XCBuildConfiguration;
			buildSettings = {
				CODE_SIGN_STYLE = Automatic;
				CURRENT_PROJECT_VERSION = 1;
				DEVELOPMENT_TEAM = QLTH57L825;
				GENERATE_INFOPLIST_FILE = YES;
				MARKETING_VERSION = 1.0;
				PRODUCT_BUNDLE_IDENTIFIER = "BenchSenseWatch.BenchSenseWatch-Watch-AppUITests";
				PRODUCT_NAME = "$(TARGET_NAME)";
				SWIFT_EMIT_LOC_STRINGS = NO;
				SWIFT_VERSION = 5.0;
				TARGETED_DEVICE_FAMILY = 4;
				TEST_TARGET_NAME = "BenchSenseWatch Watch App";
				WATCHOS_DEPLOYMENT_TARGET = 11.2;
			};
			name = Debug;
		};
		E0F12D1C2F6401AE00DC56BC /* Release */ = {
			isa = XCBuildConfiguration;
			buildSettings = {
				CODE_SIGN_STYLE = Automatic;
				CURRENT_PROJECT_VERSION = 1;
				DEVELOPMENT_TEAM = QLTH57L825;
				GENERATE_INFOPLIST_FILE = YES;
				MARKETING_VERSION = 1.0;
				PRODUCT_BUNDLE_IDENTIFIER = "BenchSenseWatch.BenchSenseWatch-Watch-AppUITests";
				PRODUCT_NAME = "$(TARGET_NAME)";
				SWIFT_EMIT_LOC_STRINGS = NO;
				SWIFT_VERSION = 5.0;
				TARGETED_DEVICE_FAMILY = 4;
				TEST_TARGET_NAME = "BenchSenseWatch Watch App";
				WATCHOS_DEPLOYMENT_TARGET = 11.2;
			};
			name = Release;
		};
		E7A1B2C300007001 /* Debug */ = {
			isa = XCBuildConfiguration;
			buildSettings = {
				ALWAYS_SEARCH_USER_PATHS = NO;
				ASSETCATALOG_COMPILER_GENERATE_SWIFT_ASSET_SYMBOL_EXTENSIONS = YES;
				CLANG_ANALYZER_NONNULL = YES;
				CLANG_ANALYZER_NUMBER_OBJECT_CONVERSION = YES_AGGRESSIVE;
				CLANG_CXX_LANGUAGE_STANDARD = "gnu++20";
				CLANG_ENABLE_MODULES = YES;
				CLANG_ENABLE_OBJC_ARC = YES;
				CLANG_ENABLE_OBJC_WEAK = YES;
				CLANG_WARN_BLOCK_CAPTURE_AUTORELEASING = YES;
				CLANG_WARN_BOOL_CONVERSION = YES;
				CLANG_WARN_COMMA = YES;
				CLANG_WARN_CONSTANT_CONVERSION = YES;
				CLANG_WARN_DEPRECATED_OBJC_IMPLEMENTATIONS = YES;
				CLANG_WARN_DIRECT_OBJC_ISA_USAGE = YES_ERROR;
				CLANG_WARN_DOCUMENTATION_COMMENTS = YES;
				CLANG_WARN_EMPTY_BODY = YES;
				CLANG_WARN_ENUM_CONVERSION = YES;
				CLANG_WARN_INFINITE_RECURSION = YES;
				CLANG_WARN_INT_CONVERSION = YES;
				CLANG_WARN_NON_LITERAL_NULL_CONVERSION = YES;
				CLANG_WARN_OBJC_IMPLICIT_RETAIN_SELF = YES;
				CLANG_WARN_OBJC_LITERAL_CONVERSION = YES;
				CLANG_WARN_OBJC_ROOT_CLASS = YES_ERROR;
				CLANG_WARN_QUOTED_INCLUDE_IN_FRAMEWORK_HEADER = YES;
				CLANG_WARN_RANGE_LOOP_ANALYSIS = YES;
				CLANG_WARN_STRICT_PROTOTYPES = YES;
				CLANG_WARN_SUSPICIOUS_MOVE = YES;
				CLANG_WARN_UNGUARDED_AVAILABILITY = YES_AGGRESSIVE;
				CLANG_WARN_UNREACHABLE_CODE = YES;
				CLANG_WARN__DUPLICATE_METHOD_MATCH = YES;
				COPY_PHASE_STRIP = NO;
				DEBUG_INFORMATION_FORMAT = dwarf;
				ENABLE_STRICT_OBJC_MSGSEND = YES;
				ENABLE_TESTABILITY = YES;
				ENABLE_USER_SCRIPT_SANDBOXING = YES;
				GCC_C_LANGUAGE_STANDARD = gnu17;
				GCC_DYNAMIC_NO_PIC = NO;
				GCC_NO_COMMON_BLOCKS = YES;
				GCC_OPTIMIZATION_LEVEL = 0;
				GCC_PREPROCESSOR_DEFINITIONS = (
					"DEBUG=1",
					"$(inherited)",
				);
				GCC_WARN_64_TO_32_BIT_CONVERSION = YES;
				GCC_WARN_ABOUT_RETURN_TYPE = YES_ERROR;
				GCC_WARN_UNDECLARED_SELECTOR = YES;
				GCC_WARN_UNINITIALIZED_AUTOS = YES_AGGRESSIVE;
				GCC_WARN_UNUSED_FUNCTION = YES;
				GCC_WARN_UNUSED_VARIABLE = YES;
				LOCALIZATION_PREFERS_STRING_CATALOGS = YES;
				MTL_ENABLE_DEBUG_INFO = INCLUDE_SOURCE;
				MTL_FAST_MATH = YES;
				ONLY_ACTIVE_ARCH = YES;
				SDKROOT = watchos;
				SWIFT_ACTIVE_COMPILATION_CONDITIONS = "DEBUG $(inherited)";
				SWIFT_OPTIMIZATION_LEVEL = "-Onone";
				WATCHOS_DEPLOYMENT_TARGET = 10.0;
			};
			name = Debug;
		};
		E7A1B2C300007002 /* Release */ = {
			isa = XCBuildConfiguration;
			buildSettings = {
				ALWAYS_SEARCH_USER_PATHS = NO;
				ASSETCATALOG_COMPILER_GENERATE_SWIFT_ASSET_SYMBOL_EXTENSIONS = YES;
				CLANG_ANALYZER_NONNULL = YES;
				CLANG_ANALYZER_NUMBER_OBJECT_CONVERSION = YES_AGGRESSIVE;
				CLANG_CXX_LANGUAGE_STANDARD = "gnu++20";
				CLANG_ENABLE_MODULES = YES;
				CLANG_ENABLE_OBJC_ARC = YES;
				CLANG_ENABLE_OBJC_WEAK = YES;
				CLANG_WARN_BLOCK_CAPTURE_AUTORELEASING = YES;
				CLANG_WARN_BOOL_CONVERSION = YES;
				CLANG_WARN_COMMA = YES;
				CLANG_WARN_CONSTANT_CONVERSION = YES;
				CLANG_WARN_DEPRECATED_OBJC_IMPLEMENTATIONS = YES;
				CLANG_WARN_DIRECT_OBJC_ISA_USAGE = YES_ERROR;
				CLANG_WARN_DOCUMENTATION_COMMENTS = YES;
				CLANG_WARN_EMPTY_BODY = YES;
				CLANG_WARN_ENUM_CONVERSION = YES;
				CLANG_WARN_INFINITE_RECURSION = YES;
				CLANG_WARN_INT_CONVERSION = YES;
				CLANG_WARN_NON_LITERAL_NULL_CONVERSION = YES;
				CLANG_WARN_OBJC_IMPLICIT_RETAIN_SELF = YES;
				CLANG_WARN_OBJC_LITERAL_CONVERSION = YES;
				CLANG_WARN_OBJC_ROOT_CLASS = YES_ERROR;
				CLANG_WARN_QUOTED_INCLUDE_IN_FRAMEWORK_HEADER = YES;
				CLANG_WARN_RANGE_LOOP_ANALYSIS = YES;
				CLANG_WARN_STRICT_PROTOTYPES = YES;
				CLANG_WARN_SUSPICIOUS_MOVE = YES;
				CLANG_WARN_UNGUARDED_AVAILABILITY = YES_AGGRESSIVE;
				CLANG_WARN_UNREACHABLE_CODE = YES;
				CLANG_WARN__DUPLICATE_METHOD_MATCH = YES;
				COPY_PHASE_STRIP = NO;
				DEBUG_INFORMATION_FORMAT = "dwarf-with-dsym";
				ENABLE_NS_ASSERTIONS = NO;
				ENABLE_STRICT_OBJC_MSGSEND = YES;
				ENABLE_USER_SCRIPT_SANDBOXING = YES;
				GCC_C_LANGUAGE_STANDARD = gnu17;
				GCC_NO_COMMON_BLOCKS = YES;
				GCC_WARN_64_TO_32_BIT_CONVERSION = YES;
				GCC_WARN_ABOUT_RETURN_TYPE = YES_ERROR;
				GCC_WARN_UNDECLARED_SELECTOR = YES;
				GCC_WARN_UNINITIALIZED_AUTOS = YES_AGGRESSIVE;
				GCC_WARN_UNUSED_FUNCTION = YES;
				GCC_WARN_UNUSED_VARIABLE = YES;
				LOCALIZATION_PREFERS_STRING_CATALOGS = YES;
				MTL_ENABLE_DEBUG_INFO = NO;
				MTL_FAST_MATH = YES;
				SDKROOT = watchos;
				SWIFT_COMPILATION_MODE = wholemodule;
				VALIDATE_PRODUCT = YES;
				WATCHOS_DEPLOYMENT_TARGET = 10.0;
			};
			name = Release;
		};
		E7A1B2C300007003 /* Debug */ = {
			isa = XCBuildConfiguration;
			buildSettings = {
				ASSETCATALOG_COMPILER_APPICON_NAME = AppIcon;
				ASSETCATALOG_COMPILER_GLOBAL_ACCENT_COLOR_NAME = AccentColor;
				CODE_SIGN_STYLE = Automatic;
				CURRENT_PROJECT_VERSION = 1;
				DEVELOPMENT_TEAM = QLTH57L825;
				ENABLE_PREVIEWS = YES;
				GENERATE_INFOPLIST_FILE = YES;
				INFOPLIST_KEY_CFBundleDisplayName = BenchSense;
				INFOPLIST_KEY_NSHealthShareUsageDescription = "BenchSense uses HealthKit to record your workout sessions.";
				INFOPLIST_KEY_NSHealthUpdateUsageDescription = "BenchSense uses HealthKit to save your bench press workout data.";
				INFOPLIST_KEY_NSMotionUsageDescription = "BenchSense uses motion sensors to automatically count your bench press reps.";
				INFOPLIST_KEY_UISupportedInterfaceOrientations = "UIInterfaceOrientationPortrait UIInterfaceOrientationPortraitUpsideDown";
				LD_RUNPATH_SEARCH_PATHS = (
					"$(inherited)",
					"@executable_path/Frameworks",
				);
				MARKETING_VERSION = 1.0;
				PRODUCT_BUNDLE_IDENTIFIER = com.sugie.BenchSense.watch;
				PRODUCT_NAME = "$(TARGET_NAME)";
				SDKROOT = watchos;
				SKIP_INSTALL = NO;
				SWIFT_EMIT_LOC_STRINGS = YES;
				SWIFT_VERSION = 5.0;
				TARGETED_DEVICE_FAMILY = 4;
				WATCHOS_DEPLOYMENT_TARGET = 10.0;
			};
			name = Debug;
		};
		E7A1B2C300007004 /* Release */ = {
			isa = XCBuildConfiguration;
			buildSettings = {
				ASSETCATALOG_COMPILER_APPICON_NAME = AppIcon;
				ASSETCATALOG_COMPILER_GLOBAL_ACCENT_COLOR_NAME = AccentColor;
				CODE_SIGN_STYLE = Automatic;
				CURRENT_PROJECT_VERSION = 1;
				DEVELOPMENT_TEAM = QLTH57L825;
				ENABLE_PREVIEWS = YES;
				GENERATE_INFOPLIST_FILE = YES;
				INFOPLIST_KEY_CFBundleDisplayName = BenchSense;
				INFOPLIST_KEY_NSHealthShareUsageDescription = "BenchSense uses HealthKit to record your workout sessions.";
				INFOPLIST_KEY_NSHealthUpdateUsageDescription = "BenchSense uses HealthKit to save your bench press workout data.";
				INFOPLIST_KEY_NSMotionUsageDescription = "BenchSense uses motion sensors to automatically count your bench press reps.";
				INFOPLIST_KEY_UISupportedInterfaceOrientations = "UIInterfaceOrientationPortrait UIInterfaceOrientationPortraitUpsideDown";
				LD_RUNPATH_SEARCH_PATHS = (
					"$(inherited)",
					"@executable_path/Frameworks",
				);
				MARKETING_VERSION = 1.0;
				PRODUCT_BUNDLE_IDENTIFIER = com.sugie.BenchSense.watch;
				PRODUCT_NAME = "$(TARGET_NAME)";
				SDKROOT = watchos;
				SKIP_INSTALL = NO;
				SWIFT_EMIT_LOC_STRINGS = YES;
				SWIFT_VERSION = 5.0;
				TARGETED_DEVICE_FAMILY = 4;
				WATCHOS_DEPLOYMENT_TARGET = 10.0;
			};
			name = Release;
		};
/* End XCBuildConfiguration section */

/* Begin XCConfigurationList section */
		E0F12D1D2F6401AE00DC56BC /* Build configuration list for PBXNativeTarget "BenchSenseWatch Watch App" */ = {
			isa = XCConfigurationList;
			buildConfigurations = (
				E0F12D172F6401AE00DC56BC /* Debug */,
				E0F12D182F6401AE00DC56BC /* Release */,
			);
			defaultConfigurationIsVisible = 0;
			defaultConfigurationName = Release;
		};
		E0F12D1E2F6401AE00DC56BC /* Build configuration list for PBXNativeTarget "BenchSenseWatch" */ = {
			isa = XCConfigurationList;
			buildConfigurations = (
				E0F12D102F6401AE00DC56BC /* Debug */,
				E0F12D112F6401AE00DC56BC /* Release */,
			);
			defaultConfigurationIsVisible = 0;
			defaultConfigurationName = Release;
		};
		E0F12D1F2F6401AE00DC56BC /* Build configuration list for PBXNativeTarget "BenchSenseWatchTests" */ = {
			isa = XCConfigurationList;
			buildConfigurations = (
				E0F12D132F6401AE00DC56BC /* Debug */,
				E0F12D142F6401AE00DC56BC /* Release */,
			);
			defaultConfigurationIsVisible = 0;
			defaultConfigurationName = Release;
		};
		E0F12D202F6401AE00DC56BC /* Build configuration list for PBXNativeTarget "BenchSenseWatchUITests" */ = {
			isa = XCConfigurationList;
			buildConfigurations = (
				E0F12D152F6401AE00DC56BC /* Debug */,
				E0F12D162F6401AE00DC56BC /* Release */,
			);
			defaultConfigurationIsVisible = 0;
			defaultConfigurationName = Release;
		};
		E0F12D212F6401AE00DC56BC /* Build configuration list for PBXNativeTarget "BenchSenseWatch Watch AppTests" */ = {
			isa = XCConfigurationList;
			buildConfigurations = (
				E0F12D192F6401AE00DC56BC /* Debug */,
				E0F12D1A2F6401AE00DC56BC /* Release */,
			);
			defaultConfigurationIsVisible = 0;
			defaultConfigurationName = Release;
		};
		E0F12D222F6401AE00DC56BC /* Build configuration list for PBXNativeTarget "BenchSenseWatch Watch AppUITests" */ = {
			isa = XCConfigurationList;
			buildConfigurations = (
				E0F12D1B2F6401AE00DC56BC /* Debug */,
				E0F12D1C2F6401AE00DC56BC /* Release */,
			);
			defaultConfigurationIsVisible = 0;
			defaultConfigurationName = Release;
		};
		E7A1B2C300008001 /* Build configuration list for PBXProject "BenchSense" */ = {
			isa = XCConfigurationList;
			buildConfigurations = (
				E7A1B2C300007001 /* Debug */,
				E7A1B2C300007002 /* Release */,
			);
			defaultConfigurationIsVisible = 0;
			defaultConfigurationName = Release;
		};
		E7A1B2C300008002 /* Build configuration list for PBXNativeTarget "BenchSense" */ = {
			isa = XCConfigurationList;
			buildConfigurations = (
				E7A1B2C300007003 /* Debug */,
				E7A1B2C300007004 /* Release */,
			);
			defaultConfigurationIsVisible = 0;
			defaultConfigurationName = Release;
		};
/* End XCConfigurationList section */
	};
	rootObject = E7A1B2C300006001 /* Project object */;
}
